// !$*UTF8*$!
{
	archiveVersion = 1;
	classes = {
	};
	objectVersion = 46;
	objects = {

/* Begin PBXBuildFile section */
		27F9BA3818F775E4003DFB84 /* Foundation.framework in Frameworks */ = {isa = PBXBuildFile; fileRef = 27F9BA3718F775E4003DFB84 /* Foundation.framework */; };
		27F9BA3A18F775E4003DFB84 /* CoreGraphics.framework in Frameworks */ = {isa = PBXBuildFile; fileRef = 27F9BA3918F775E4003DFB84 /* CoreGraphics.framework */; };
		27F9BA3C18F775E4003DFB84 /* UIKit.framework in Frameworks */ = {isa = PBXBuildFile; fileRef = 27F9BA3B18F775E4003DFB84 /* UIKit.framework */; };
		27F9BA4218F775E4003DFB84 /* InfoPlist.strings in Resources */ = {isa = PBXBuildFile; fileRef = 27F9BA4018F775E4003DFB84 /* InfoPlist.strings */; };
		27F9BA4418F775E4003DFB84 /* main.m in Sources */ = {isa = PBXBuildFile; fileRef = 27F9BA4318F775E4003DFB84 /* main.m */; };
		27F9BA4818F775E4003DFB84 /* XXAppDelegate.m in Sources */ = {isa = PBXBuildFile; fileRef = 27F9BA4718F775E4003DFB84 /* XXAppDelegate.m */; };
		27F9BA4A18F775E4003DFB84 /* Images.xcassets in Resources */ = {isa = PBXBuildFile; fileRef = 27F9BA4918F775E4003DFB84 /* Images.xcassets */; };
		27F9BA5118F775E4003DFB84 /* XCTest.framework in Frameworks */ = {isa = PBXBuildFile; fileRef = 27F9BA5018F775E4003DFB84 /* XCTest.framework */; };
		27F9BA5218F775E4003DFB84 /* Foundation.framework in Frameworks */ = {isa = PBXBuildFile; fileRef = 27F9BA3718F775E4003DFB84 /* Foundation.framework */; };
		27F9BA5318F775E4003DFB84 /* UIKit.framework in Frameworks */ = {isa = PBXBuildFile; fileRef = 27F9BA3B18F775E4003DFB84 /* UIKit.framework */; };
		27F9BA5B18F775E4003DFB84 /* InfoPlist.strings in Resources */ = {isa = PBXBuildFile; fileRef = 27F9BA5918F775E4003DFB84 /* InfoPlist.strings */; };
		27F9BA5D18F775E4003DFB84 /* XXMenuDemoTests.m in Sources */ = {isa = PBXBuildFile; fileRef = 27F9BA5C18F775E4003DFB84 /* XXMenuDemoTests.m */; };
		27FC895018F78DE7005CB3CF /* XXMenuViewController.m in Sources */ = {isa = PBXBuildFile; fileRef = 27FC894F18F78DE7005CB3CF /* XXMenuViewController.m */; };
		27FC895318F78EC3005CB3CF /* XXLeftMenuViewController.m in Sources */ = {isa = PBXBuildFile; fileRef = 27FC895218F78EC3005CB3CF /* XXLeftMenuViewController.m */; };
		27FC895618F78ECD005CB3CF /* XXRightMenuViewController.m in Sources */ = {isa = PBXBuildFile; fileRef = 27FC895518F78ECD005CB3CF /* XXRightMenuViewController.m */; };
/* End PBXBuildFile section */

/* Begin PBXContainerItemProxy section */
		27F9BA5418F775E4003DFB84 /* PBXContainerItemProxy */ = {
			isa = PBXContainerItemProxy;
			containerPortal = 27F9BA2C18F775E4003DFB84 /* Project object */;
			proxyType = 1;
			remoteGlobalIDString = 27F9BA3318F775E4003DFB84;
			remoteInfo = XXMenuDemo;
		};
/* End PBXContainerItemProxy section */

/* Begin PBXFileReference section */
		27F9BA3418F775E4003DFB84 /* XXMenuDemo.app */ = {isa = PBXFileReference; explicitFileType = wrapper.application; includeInIndex = 0; path = XXMenuDemo.app; sourceTree = BUILT_PRODUCTS_DIR; };
		27F9BA3718F775E4003DFB84 /* Foundation.framework */ = {isa = PBXFileReference; lastKnownFileType = wrapper.framework; name = Foundation.framework; path = System/Library/Frameworks/Foundation.framework; sourceTree = SDKROOT; };
		27F9BA3918F775E4003DFB84 /* CoreGraphics.framework */ = {isa = PBXFileReference; lastKnownFileType = wrapper.framework; name = CoreGraphics.framework; path = System/Library/Frameworks/CoreGraphics.framework; sourceTree = SDKROOT; };
		27F9BA3B18F775E4003DFB84 /* UIKit.framework */ = {isa = PBXFileReference; lastKnownFileType = wrapper.framework; name = UIKit.framework; path = System/Library/Frameworks/UIKit.framework; sourceTree = SDKROOT; };
		27F9BA3F18F775E4003DFB84 /* XXMenuDemo-Info.plist */ = {isa = PBXFileReference; lastKnownFileType = text.plist.xml; path = "XXMenuDemo-Info.plist"; sourceTree = "<group>"; };
		27F9BA4118F775E4003DFB84 /* en */ = {isa = PBXFileReference; lastKnownFileType = text.plist.strings; name = en; path = en.lproj/InfoPlist.strings; sourceTree = "<group>"; };
		27F9BA4318F775E4003DFB84 /* main.m */ = {isa = PBXFileReference; lastKnownFileType = sourcecode.c.objc; path = main.m; sourceTree = "<group>"; };
		27F9BA4518F775E4003DFB84 /* XXMenuDemo-Prefix.pch */ = {isa = PBXFileReference; lastKnownFileType = sourcecode.c.h; path = "XXMenuDemo-Prefix.pch"; sourceTree = "<group>"; };
		27F9BA4618F775E4003DFB84 /* XXAppDelegate.h */ = {isa = PBXFileReference; lastKnownFileType = sourcecode.c.h; path = XXAppDelegate.h; sourceTree = "<group>"; };
		27F9BA4718F775E4003DFB84 /* XXAppDelegate.m */ = {isa = PBXFileReference; lastKnownFileType = sourcecode.c.objc; path = XXAppDelegate.m; sourceTree = "<group>"; };
		27F9BA4918F775E4003DFB84 /* Images.xcassets */ = {isa = PBXFileReference; lastKnownFileType = folder.assetcatalog; path = Images.xcassets; sourceTree = "<group>"; };
		27F9BA4F18F775E4003DFB84 /* XXMenuDemoTests.xctest */ = {isa = PBXFileReference; explicitFileType = wrapper.cfbundle; includeInIndex = 0; path = XXMenuDemoTests.xctest; sourceTree = BUILT_PRODUCTS_DIR; };
		27F9BA5018F775E4003DFB84 /* XCTest.framework */ = {isa = PBXFileReference; lastKnownFileType = wrapper.framework; name = XCTest.framework; path = Library/Frameworks/XCTest.framework; sourceTree = DEVELOPER_DIR; };
		27F9BA5818F775E4003DFB84 /* XXMenuDemoTests-Info.plist */ = {isa = PBXFileReference; lastKnownFileType = text.plist.xml; path = "XXMenuDemoTests-Info.plist"; sourceTree = "<group>"; };
		27F9BA5A18F775E4003DFB84 /* en */ = {isa = PBXFileReference; lastKnownFileType = text.plist.strings; name = en; path = en.lproj/InfoPlist.strings; sourceTree = "<group>"; };
		27F9BA5C18F775E4003DFB84 /* XXMenuDemoTests.m */ = {isa = PBXFileReference; lastKnownFileType = sourcecode.c.objc; path = XXMenuDemoTests.m; sourceTree = "<group>"; };
		27FC894E18F78DE7005CB3CF /* XXMenuViewController.h */ = {isa = PBXFileReference; fileEncoding = 4; lastKnownFileType = sourcecode.c.h; path = XXMenuViewController.h; sourceTree = "<group>"; };
		27FC894F18F78DE7005CB3CF /* XXMenuViewController.m */ = {isa = PBXFileReference; fileEncoding = 4; lastKnownFileType = sourcecode.c.objc; path = XXMenuViewController.m; sourceTree = "<group>"; };
		27FC895118F78EC3005CB3CF /* XXLeftMenuViewController.h */ = {isa = PBXFileReference; fileEncoding = 4; lastKnownFileType = sourcecode.c.h; path = XXLeftMenuViewController.h; sourceTree = "<group>"; };
		27FC895218F78EC3005CB3CF /* XXLeftMenuViewController.m */ = {isa = PBXFileReference; fileEncoding = 4; lastKnownFileType = sourcecode.c.objc; path = XXLeftMenuViewController.m; sourceTree = "<group>"; };
		27FC895418F78ECD005CB3CF /* XXRightMenuViewController.h */ = {isa = PBXFileReference; fileEncoding = 4; lastKnownFileType = sourcecode.c.h; path = XXRightMenuViewController.h; sourceTree = "<group>"; };
		27FC895518F78ECD005CB3CF /* XXRightMenuViewController.m */ = {isa = PBXFileReference; fileEncoding = 4; lastKnownFileType = sourcecode.c.objc; path = XXRightMenuViewController.m; sourceTree = "<group>"; };
/* End PBXFileReference section */

/* Begin PBXFrameworksBuildPhase section */
		27F9BA3118F775E4003DFB84 /* Frameworks */ = {
			isa = PBXFrameworksBuildPhase;
			buildActionMask = 2147483647;
			files = (
				27F9BA3A18F775E4003DFB84 /* CoreGraphics.framework in Frameworks */,
				27F9BA3C18F775E4003DFB84 /* UIKit.framework in Frameworks */,
				27F9BA3818F775E4003DFB84 /* Foundation.framework in Frameworks */,
			);
			runOnlyForDeploymentPostprocessing = 0;
		};
		27F9BA4C18F775E4003DFB84 /* Frameworks */ = {
			isa = PBXFrameworksBuildPhase;
			buildActionMask = 2147483647;
			files = (
				27F9BA5118F775E4003DFB84 /* XCTest.framework in Frameworks */,
				27F9BA5318F775E4003DFB84 /* UIKit.framework in Frameworks */,
				27F9BA5218F775E4003DFB84 /* Foundation.framework in Frameworks */,
			);
			runOnlyForDeploymentPostprocessing = 0;
		};
/* End PBXFrameworksBuildPhase section */

/* Begin PBXGroup section */
		27F9BA2B18F775E4003DFB84 = {
			isa = PBXGroup;
			children = (
				27F9BA3D18F775E4003DFB84 /* XXMenuDemo */,
				27F9BA5618F775E4003DFB84 /* XXMenuDemoTests */,
				27F9BA3618F775E4003DFB84 /* Frameworks */,
				27F9BA3518F775E4003DFB84 /* Products */,
			);
			sourceTree = "<group>";
		};
		27F9BA3518F775E4003DFB84 /* Products */ = {
			isa = PBXGroup;
			children = (
				27F9BA3418F775E4003DFB84 /* XXMenuDemo.app */,
				27F9BA4F18F775E4003DFB84 /* XXMenuDemoTests.xctest */,
			);
			name = Products;
			sourceTree = "<group>";
		};
		27F9BA3618F775E4003DFB84 /* Frameworks */ = {
			isa = PBXGroup;
			children = (
				27F9BA3718F775E4003DFB84 /* Foundation.framework */,
				27F9BA3918F775E4003DFB84 /* CoreGraphics.framework */,
				27F9BA3B18F775E4003DFB84 /* UIKit.framework */,
				27F9BA5018F775E4003DFB84 /* XCTest.framework */,
			);
			name = Frameworks;
			sourceTree = "<group>";
		};
		27F9BA3D18F775E4003DFB84 /* XXMenuDemo */ = {
			isa = PBXGroup;
			children = (
				27FC894D18F78CDF005CB3CF /* XXMenuClass */,
				27F9BA4618F775E4003DFB84 /* XXAppDelegate.h */,
				27F9BA4718F775E4003DFB84 /* XXAppDelegate.m */,
				27F9BA4918F775E4003DFB84 /* Images.xcassets */,
				27F9BA3E18F775E4003DFB84 /* Supporting Files */,
			);
			path = XXMenuDemo;
			sourceTree = "<group>";
		};
		27F9BA3E18F775E4003DFB84 /* Supporting Files */ = {
			isa = PBXGroup;
			children = (
				27F9BA3F18F775E4003DFB84 /* XXMenuDemo-Info.plist */,
				27F9BA4018F775E4003DFB84 /* InfoPlist.strings */,
				27F9BA4318F775E4003DFB84 /* main.m */,
				27F9BA4518F775E4003DFB84 /* XXMenuDemo-Prefix.pch */,
			);
			name = "Supporting Files";
			sourceTree = "<group>";
		};
		27F9BA5618F775E4003DFB84 /* XXMenuDemoTests */ = {
			isa = PBXGroup;
			children = (
				27F9BA5C18F775E4003DFB84 /* XXMenuDemoTests.m */,
				27F9BA5718F775E4003DFB84 /* Supporting Files */,
			);
			path = XXMenuDemoTests;
			sourceTree = "<group>";
		};
		27F9BA5718F775E4003DFB84 /* Supporting Files */ = {
			isa = PBXGroup;
			children = (
				27F9BA5818F775E4003DFB84 /* XXMenuDemoTests-Info.plist */,
				27F9BA5918F775E4003DFB84 /* InfoPlist.strings */,
			);
			name = "Supporting Files";
			sourceTree = "<group>";
		};
		27FC894D18F78CDF005CB3CF /* XXMenuClass */ = {
			isa = PBXGroup;
			children = (
				27FC894E18F78DE7005CB3CF /* XXMenuViewController.h */,
				27FC894F18F78DE7005CB3CF /* XXMenuViewController.m */,
				27FC895118F78EC3005CB3CF /* XXLeftMenuViewController.h */,
				27FC895218F78EC3005CB3CF /* XXLeftMenuViewController.m */,
				27FC895418F78ECD005CB3CF /* XXRightMenuViewController.h */,
				27FC895518F78ECD005CB3CF /* XXRightMenuViewController.m */,
			);
			path = XXMenuClass;
			sourceTree = "<group>";
		};
/* End PBXGroup section */

/* Begin PBXNativeTarget section */
		27F9BA3318F775E4003DFB84 /* XXMenuDemo */ = {
			isa = PBXNativeTarget;
			buildConfigurationList = 27F9BA6018F775E4003DFB84 /* Build configuration list for PBXNativeTarget "XXMenuDemo" */;
			buildPhases = (
				27F9BA3018F775E4003DFB84 /* Sources */,
				27F9BA3118F775E4003DFB84 /* Frameworks */,
				27F9BA3218F775E4003DFB84 /* Resources */,
			);
			buildRules = (
			);
			dependencies = (
			);
			name = XXMenuDemo;
			productName = XXMenuDemo;
			productReference = 27F9BA3418F775E4003DFB84 /* XXMenuDemo.app */;
			productType = "com.apple.product-type.application";
		};
		27F9BA4E18F775E4003DFB84 /* XXMenuDemoTests */ = {
			isa = PBXNativeTarget;
			buildConfigurationList = 27F9BA6318F775E4003DFB84 /* Build configuration list for PBXNativeTarget "XXMenuDemoTests" */;
			buildPhases = (
				27F9BA4B18F775E4003DFB84 /* Sources */,
				27F9BA4C18F775E4003DFB84 /* Frameworks */,
				27F9BA4D18F775E4003DFB84 /* Resources */,
			);
			buildRules = (
			);
			dependencies = (
				27F9BA5518F775E4003DFB84 /* PBXTargetDependency */,
			);
			name = XXMenuDemoTests;
			productName = XXMenuDemoTests;
			productReference = 27F9BA4F18F775E4003DFB84 /* XXMenuDemoTests.xctest */;
			productType = "com.apple.product-type.bundle.unit-test";
		};
/* End PBXNativeTarget section */

/* Begin PBXProject section */
		27F9BA2C18F775E4003DFB84 /* Project object */ = {
			isa = PBXProject;
			attributes = {
				CLASSPREFIX = XX;
				LastUpgradeCheck = 0510;
				ORGANIZATIONNAME = "夏至";
				TargetAttributes = {
					27F9BA4E18F775E4003DFB84 = {
						TestTargetID = 27F9BA3318F775E4003DFB84;
					};
				};
			};
			buildConfigurationList = 27F9BA2F18F775E4003DFB84 /* Build configuration list for PBXProject "XXMenuDemo" */;
			compatibilityVersion = "Xcode 3.2";
			developmentRegion = English;
			hasScannedForEncodings = 0;
			knownRegions = (
				en,
			);
			mainGroup = 27F9BA2B18F775E4003DFB84;
			productRefGroup = 27F9BA3518F775E4003DFB84 /* Products */;
			projectDirPath = "";
			projectRoot = "";
			targets = (
				27F9BA3318F775E4003DFB84 /* XXMenuDemo */,
				27F9BA4E18F775E4003DFB84 /* XXMenuDemoTests */,
			);
		};
/* End PBXProject section */

/* Begin PBXResourcesBuildPhase section */
		27F9BA3218F775E4003DFB84 /* Resources */ = {
			isa = PBXResourcesBuildPhase;
			buildActionMask = 2147483647;
			files = (
				27F9BA4218F775E4003DFB84 /* InfoPlist.strings in Resources */,
				27F9BA4A18F775E4003DFB84 /* Images.xcassets in Resources */,
			);
			runOnlyForDeploymentPostprocessing = 0;
		};
		27F9BA4D18F775E4003DFB84 /* Resources */ = {
			isa = PBXResourcesBuildPhase;
			buildActionMask = 2147483647;
			files = (
				27F9BA5B18F775E4003DFB84 /* InfoPlist.strings in Resources */,
			);
			runOnlyForDeploymentPostprocessing = 0;
		};
/* End PBXResourcesBuildPhase section */

/* Begin PBXSourcesBuildPhase section */
		27F9BA3018F775E4003DFB84 /* Sources */ = {
			isa = PBXSourcesBuildPhase;
			buildActionMask = 2147483647;
			files = (
				27FC895318F78EC3005CB3CF /* XXLeftMenuViewController.m in Sources */,
				27F9BA4818F775E4003DFB84 /* XXAppDelegate.m in Sources */,
				27F9BA4418F775E4003DFB84 /* main.m in Sources */,
				27FC895018F78DE7005CB3CF /* XXMenuViewController.m in Sources */,
				27FC895618F78ECD005CB3CF /* XXRightMenuViewController.m in Sources */,
			);
			runOnlyForDeploymentPostprocessing = 0;
		};
		27F9BA4B18F775E4003DFB84 /* Sources */ = {
			isa = PBXSourcesBuildPhase;
			buildActionMask = 2147483647;
			files = (
				27F9BA5D18F775E4003DFB84 /* XXMenuDemoTests.m in Sources */,
			);
			runOnlyForDeploymentPostprocessing = 0;
		};
/* End PBXSourcesBuildPhase section */

/* Begin PBXTargetDependency section */
		27F9BA5518F775E4003DFB84 /* PBXTargetDependency */ = {
			isa = PBXTargetDependency;
			target = 27F9BA3318F775E4003DFB84 /* XXMenuDemo */;
			targetProxy = 27F9BA5418F775E4003DFB84 /* PBXContainerItemProxy */;
		};
/* End PBXTargetDependency section */

/* Begin PBXVariantGroup section */
		27F9BA4018F775E4003DFB84 /* InfoPlist.strings */ = {
			isa = PBXVariantGroup;
			children = (
				27F9BA4118F775E4003DFB84 /* en */,
			);
			name = InfoPlist.strings;
			sourceTree = "<group>";
		};
		27F9BA5918F775E4003DFB84 /* InfoPlist.strings */ = {
			isa = PBXVariantGroup;
			children = (
				27F9BA5A18F775E4003DFB84 /* en */,
			);
			name = InfoPlist.strings;
			sourceTree = "<group>";
		};
/* End PBXVariantGroup section */

/* Begin XCBuildConfiguration section */
		27F9BA5E18F775E4003DFB84 /* Debug */ = {
			isa = XCBuildConfiguration;
			buildSettings = {
				ALWAYS_SEARCH_USER_PATHS = NO;
				CLANG_CXX_LANGUAGE_STANDARD = "gnu++0x";
				CLANG_CXX_LIBRARY = "libc++";
				CLANG_ENABLE_MODULES = YES;
				CLANG_ENABLE_OBJC_ARC = YES;
				CLANG_WARN_BOOL_CONVERSION = YES;
				CLANG_WARN_CONSTANT_CONVERSION = YES;
				CLANG_WARN_DIRECT_OBJC_ISA_USAGE = YES_ERROR;
				CLANG_WARN_EMPTY_BODY = YES;
				CLANG_WARN_ENUM_CONVERSION = YES;
				CLANG_WARN_INT_CONVERSION = YES;
				CLANG_WARN_OBJC_ROOT_CLASS = YES_ERROR;
				CLANG_WARN__DUPLICATE_METHOD_MATCH = YES;
				"CODE_SIGN_IDENTITY[sdk=iphoneos*]" = "iPhone Developer";
				COPY_PHASE_STRIP = NO;
				GCC_C_LANGUAGE_STANDARD = gnu99;
				GCC_DYNAMIC_NO_PIC = NO;
				GCC_OPTIMIZATION_LEVEL = 0;
				GCC_PREPROCESSOR_DEFINITIONS = (
					"DEBUG=1",
					"$(inherited)",
				);
				GCC_SYMBOLS_PRIVATE_EXTERN = NO;
				GCC_WARN_64_TO_32_BIT_CONVERSION = YES;
				GCC_WARN_ABOUT_RETURN_TYPE = YES_ERROR;
				GCC_WARN_UNDECLARED_SELECTOR = YES;
				GCC_WARN_UNINITIALIZED_AUTOS = YES_AGGRESSIVE;
				GCC_WARN_UNUSED_FUNCTION = YES;
				GCC_WARN_UNUSED_VARIABLE = YES;
				IPHONEOS_DEPLOYMENT_TARGET = 7.1;
				ONLY_ACTIVE_ARCH = YES;
				SDKROOT = iphoneos;
			};
			name = Debug;
		};
		27F9BA5F18F775E4003DFB84 /* Release */ = {
			isa = XCBuildConfiguration;
			buildSettings = {
				ALWAYS_SEARCH_USER_PATHS = NO;
				CLANG_CXX_LANGUAGE_STANDARD = "gnu++0x";
				CLANG_CXX_LIBRARY = "libc++";
				CLANG_ENABLE_MODULES = YES;
				CLANG_ENABLE_OBJC_ARC = YES;
				CLANG_WARN_BOOL_CONVERSION = YES;
				CLANG_WARN_CONSTANT_CONVERSION = YES;
				CLANG_WARN_DIRECT_OBJC_ISA_USAGE = YES_ERROR;
				CLANG_WARN_EMPTY_BODY = YES;
				CLANG_WARN_ENUM_CONVERSION = YES;
				CLANG_WARN_INT_CONVERSION = YES;
				CLANG_WARN_OBJC_ROOT_CLASS = YES_ERROR;
				CLANG_WARN__DUPLICATE_METHOD_MATCH = YES;
				"CODE_SIGN_IDENTITY[sdk=iphoneos*]" = "iPhone Developer";
				COPY_PHASE_STRIP = YES;
				ENABLE_NS_ASSERTIONS = NO;
				GCC_C_LANGUAGE_STANDARD = gnu99;
				GCC_WARN_64_TO_32_BIT_CONVERSION = YES;
				GCC_WARN_ABOUT_RETURN_TYPE = YES_ERROR;
				GCC_WARN_UNDECLARED_SELECTOR = YES;
				GCC_WARN_UNINITIALIZED_AUTOS = YES_AGGRESSIVE;
				GCC_WARN_UNUSED_FUNCTION = YES;
				GCC_WARN_UNUSED_VARIABLE = YES;
				IPHONEOS_DEPLOYMENT_TARGET = 7.1;
				SDKROOT = iphoneos;
				VALIDATE_PRODUCT = YES;
			};
			name = Release;
		};
		27F9BA6118F775E4003DFB84 /* Debug */ = {
			isa = XCBuildConfiguration;
			buildSettings = {
				ASSETCATALOG_COMPILER_APPICON_NAME = AppIcon;
				ASSETCATALOG_COMPILER_LAUNCHIMAGE_NAME = LaunchImage;
				GCC_PRECOMPILE_PREFIX_HEADER = YES;
				GCC_PREFIX_HEADER = "XXMenuDemo/XXMenuDemo-Prefix.pch";
				INFOPLIST_FILE = "XXMenuDemo/XXMenuDemo-Info.plist";
				PRODUCT_NAME = "$(TARGET_NAME)";
				WRAPPER_EXTENSION = app;
			};
			name = Debug;
		};
		27F9BA6218F775E4003DFB84 /* Release */ = {
			isa = XCBuildConfiguration;
			buildSettings = {
				ASSETCATALOG_COMPILER_APPICON_NAME = AppIcon;
				ASSETCATALOG_COMPILER_LAUNCHIMAGE_NAME = LaunchImage;
				GCC_PRECOMPILE_PREFIX_HEADER = YES;
				GCC_PREFIX_HEADER = "XXMenuDemo/XXMenuDemo-Prefix.pch";
				INFOPLIST_FILE = "XXMenuDemo/XXMenuDemo-Info.plist";
				PRODUCT_NAME = "$(TARGET_NAME)";
				WRAPPER_EXTENSION = app;
			};
			name = Release;
		};
		27F9BA6418F775E4003DFB84 /* Debug */ = {
			isa = XCBuildConfiguration;
			buildSettings = {
				BUNDLE_LOADER = "$(BUILT_PRODUCTS_DIR)/XXMenuDemo.app/XXMenuDemo";
				FRAMEWORK_SEARCH_PATHS = (
					"$(SDKROOT)/Developer/Library/Frameworks",
					"$(inherited)",
					"$(DEVELOPER_FRAMEWORKS_DIR)",
				);
				GCC_PRECOMPILE_PREFIX_HEADER = YES;
				GCC_PREFIX_HEADER = "XXMenuDemo/XXMenuDemo-Prefix.pch";
				GCC_PREPROCESSOR_DEFINITIONS = (
					"DEBUG=1",
					"$(inherited)",
				);
				INFOPLIST_FILE = "XXMenuDemoTests/XXMenuDemoTests-Info.plist";
				PRODUCT_NAME = "$(TARGET_NAME)";
				TEST_HOST = "$(BUNDLE_LOADER)";
				WRAPPER_EXTENSION = xctest;
			};
			name = Debug;
		};
		27F9BA6518F775E4003DFB84 /* Release */ = {
			isa = XCBuildConfiguration;
			buildSettings = {
				BUNDLE_LOADER = "$(BUILT_PRODUCTS_DIR)/XXMenuDemo.app/XXMenuDemo";
				FRAMEWORK_SEARCH_PATHS = (
					"$(SDKROOT)/Developer/Library/Frameworks",
					"$(inherited)",
					"$(DEVELOPER_FRAMEWORKS_DIR)",
				);
				GCC_PRECOMPILE_PREFIX_HEADER = YES;
				GCC_PREFIX_HEADER = "XXMenuDemo/XXMenuDemo-Prefix.pch";
				INFOPLIST_FILE = "XXMenuDemoTests/XXMenuDemoTests-Info.plist";
				PRODUCT_NAME = "$(TARGET_NAME)";
				TEST_HOST = "$(BUNDLE_LOADER)";
				WRAPPER_EXTENSION = xctest;
			};
			name = Release;
		};
/* End XCBuildConfiguration section */

/* Begin XCConfigurationList section */
		27F9BA2F18F775E4003DFB84 /* Build configuration list for PBXProject "XXMenuDemo" */ = {
			isa = XCConfigurationList;
			buildConfigurations = (
				27F9BA5E18F775E4003DFB84 /* Debug */,
				27F9BA5F18F775E4003DFB84 /* Release */,
			);
			defaultConfigurationIsVisible = 0;
			defaultConfigurationName = Release;
		};
		27F9BA6018F775E4003DFB84 /* Build configuration list for PBXNativeTarget "XXMenuDemo" */ = {
			isa = XCConfigurationList;
			buildConfigurations = (
				27F9BA6118F775E4003DFB84 /* Debug */,
				27F9BA6218F775E4003DFB84 /* Release */,
			);
			defaultConfigurationIsVisible = 0;
			defaultConfigurationName = Release;
		};
		27F9BA6318F775E4003DFB84 /* Build configuration list for PBXNativeTarget "XXMenuDemoTests" */ = {
			isa = XCConfigurationList;
			buildConfigurations = (
				27F9BA6418F775E4003DFB84 /* Debug */,
				27F9BA6518F775E4003DFB84 /* Release */,
			);
			defaultConfigurationIsVisible = 0;
			defaultConfigurationName = Release;
		};
/* End XCConfigurationList section */
	};
	rootObject = 27F9BA2C18F775E4003DFB84 /* Project object */;
}
